dependencies:
- name: postgresql
  repository: https://charts.bitnami.com/bitnami
  version: 11.8.1
- name: redis
  repository: https://charts.bitnami.com/bitnami
  version: 17.1.2
digest: sha256:90d4657708c40c15556034578dc36a9a76b2aa6ff2e474620be6e76eda679cb5
generated: "2022-08-26T12:47:13.163192+02:00"
